
Microsoft Visual Studio Solution File, Format Version 12.00
# Visual Studio 2012
Project("{FAE04EC0-301F-11D3-BF4B-00C04F79EFBC}") = "DisableFutureTimeLog", "DisableFutureTimeLog.csproj", "{C1229A7D-F2EA-48EF-8CBD-7EDEC7A5DD9F}"
EndProject
Global
	GlobalSection(SolutionConfigurationPlatforms) = preSolution
		Build|Any CPU = Build|Any CPU
		Debug|Any CPU = Debug|Any CPU
		Release|Any CPU = Release|Any CPU
	EndGlobalSection
	GlobalSection(ProjectConfigurationPlatforms) = postSolution
		{C1229A7D-F2EA-48EF-8CBD-7EDEC7A5DD9F}.Build|Any CPU.ActiveCfg = Build|Any CPU
		{C1229A7D-F2EA-48EF-8CBD-7EDEC7A5DD9F}.Build|Any CPU.Build.0 = Build|Any CPU
		{C1229A7D-F2EA-48EF-8CBD-7EDEC7A5DD9F}.Debug|Any CPU.ActiveCfg = Debug|Any CPU
		{C1229A7D-F2EA-48EF-8CBD-7EDEC7A5DD9F}.Debug|Any CPU.Build.0 = Debug|Any CPU
		{C1229A7D-F2EA-48EF-8CBD-7EDEC7A5DD9F}.Release|Any CPU.ActiveCfg = Release|Any CPU
		{C1229A7D-F2EA-48EF-8CBD-7EDEC7A5DD9F}.Release|Any CPU.Build.0 = Release|Any CPU
	EndGlobalSection
	GlobalSection(SolutionProperties) = preSolution
		HideSolutionNode = FALSE
	EndGlobalSection
EndGlobal
